
Microsoft Visual Studio Solution File, Format Version 12.00
# Visual Studio Version 17
VisualStudioVersion = 17.2.32526.322
MinimumVisualStudioVersion = 10.0.40219.1
Project("{FAE04EC0-301F-11D3-BF4B-00C04F79EFBC}") = "ApiApplication", "ApiApplication\ApiApplication.csproj", "{727F5D91-BF6D-4725-AA3C-1EED330057D6}"
EndProject
Global
	GlobalSection(SolutionConfigurationPlatforms) = preSolution
		Debug|Any CPU = Debug|Any CPU
		Release|Any CPU = Release|Any CPU
	EndGlobalSection
	GlobalSection(ProjectConfigurationPlatforms) = postSolution
		{727F5D91-BF6D-4725-AA3C-1EED330057D6}.Debug|Any CPU.ActiveCfg = Debug|Any CPU
		{727F5D91-BF6D-4725-AA3C-1EED330057D6}.Debug|Any CPU.Build.0 = Debug|Any CPU
		{727F5D91-BF6D-4725-AA3C-1EED330057D6}.Release|Any CPU.ActiveCfg = Release|Any CPU
		{727F5D91-BF6D-4725-AA3C-1EED330057D6}.Release|Any CPU.Build.0 = Release|Any CPU
	EndGlobalSection
	GlobalSection(SolutionProperties) = preSolution
		HideSolutionNode = FALSE
	EndGlobalSection
	GlobalSection(ExtensibilityGlobals) = postSolution
		SolutionGuid = {AD7D6CD2-4E1F-49D8-9C46-D1413E358D14}
	EndGlobalSection
EndGlobal
